// !$*UTF8*$!
{
	archiveVersion = 1;
	classes = {
	};
	objectVersion = 77;
	objects = {

/* Begin PBXContainerItemProxy section */
		0A7306CE2D9B473E000E5E61 /* PBXContainerItemProxy */ = {
			isa = PBXContainerItemProxy;
			containerPortal = 0A7306B52D9B473D000E5E61 /* Project object */;
			proxyType = 1;
			remoteGlobalIDString = 0A7306BC2D9B473D000E5E61;
			remoteInfo = AIChatbotApp;
		};
		0A7306D82D9B473E000E5E61 /* PBXContainerItemProxy */ = {
			isa = PBXContainerItemProxy;
			containerPortal = 0A7306B52D9B473D000E5E61 /* Project object */;
			proxyType = 1;
			remoteGlobalIDString = 0A7306BC2D9B473D000E5E61;
			remoteInfo = AIChatbotApp;
		};
/* End PBXContainerItemProxy section */

/* Begin PBXFileReference section */
		0A7306BD2D9B473D000E5E61 /* AIChatbotApp.app */ = {isa = PBXFileReference; explicitFileType = wrapper.application; includeInIndex = 0; path = AIChatbotApp.app; sourceTree = BUILT_PRODUCTS_DIR; };
		0A7306CD2D9B473E000E5E61 /* AIChatbotAppTests.xctest */ = {isa = PBXFileReference; explicitFileType = wrapper.cfbundle; includeInIndex = 0; path = AIChatbotAppTests.xctest; sourceTree = BUILT_PRODUCTS_DIR; };
		0A7306D72D9B473E000E5E61 /* AIChatbotAppUITests.xctest */ = {isa = PBXFileReference; explicitFileType = wrapper.cfbundle; includeInIndex = 0; path = AIChatbotAppUITests.xctest; sourceTree = BUILT_PRODUCTS_DIR; };
/* End PBXFileReference section */

/* Begin PBXFileSystemSynchronizedRootGroup section */
		0A7306BF2D9B473D000E5E61 /* AIChatbotApp */ = {
			isa = PBXFileSystemSynchronizedRootGroup;
			path = AIChatbotApp;
			sourceTree = "<group>";
		};
		0A7306D02D9B473E000E5E61 /* AIChatbotAppTests */ = {
			isa = PBXFileSystemSynchronizedRootGroup;
			path = AIChatbotAppTests;
			sourceTree = "<group>";
		};
		0A7306DA2D9B473E000E5E61 /* AIChatbotAppUITests */ = {
			isa = PBXFileSystemSynchronizedRootGroup;
			path = AIChatbotAppUITests;
			sourceTree = "<group>";
		};
/* End PBXFileSystemSynchronizedRootGroup section */

/* Begin PBXFrameworksBuildPhase section */
		0A7306BA2D9B473D000E5E61 /* Frameworks */ = {
			isa = PBXFrameworksBuildPhase;
			buildActionMask = 2147483647;
			files = (
			);
			runOnlyForDeploymentPostprocessing = 0;
		};
		0A7306CA2D9B473E000E5E61 /* Frameworks */ = {
			isa = PBXFrameworksBuildPhase;
			buildActionMask = 2147483647;
			files = (
			);
			runOnlyForDeploymentPostprocessing = 0;
		};
		0A7306D42D9B473E000E5E61 /* Frameworks */ = {
			isa = PBXFrameworksBuildPhase;
			buildActionMask = 2147483647;
			files = (
			);
			runOnlyForDeploymentPostprocessing = 0;
		};
/* End PBXFrameworksBuildPhase section */

/* Begin PBXGroup section */
		0A7306B42D9B473D000E5E61 = {
			isa = PBXGroup;
			children = (
				0A7306BF2D9B473D000E5E61 /* AIChatbotApp */,
				0A7306D02D9B473E000E5E61 /* AIChatbotAppTests */,
				0A7306DA2D9B473E000E5E61 /* AIChatbotAppUITests */,
				0A7306BE2D9B473D000E5E61 /* Products */,
			);
			sourceTree = "<group>";
		};
		0A7306BE2D9B473D000E5E61 /* Products */ = {
			isa = PBXGroup;
			children = (
				0A7306BD2D9B473D000E5E61 /* AIChatbotApp.app */,
				0A7306CD2D9B473E000E5E61 /* AIChatbotAppTests.xctest */,
				0A7306D72D9B473E000E5E61 /* AIChatbotAppUITests.xctest */,
			);
			name = Products;
			sourceTree = "<group>";
		};
/* End PBXGroup section */

/* Begin PBXNativeTarget section */
		0A7306BC2D9B473D000E5E61 /* AIChatbotApp */ = {
			isa = PBXNativeTarget;
			buildConfigurationList = 0A7306E12D9B473E000E5E61 /* Build configuration list for PBXNativeTarget "AIChatbotApp" */;
			buildPhases = (
				0A7306B92D9B473D000E5E61 /* Sources */,
				0A7306BA2D9B473D000E5E61 /* Frameworks */,
				0A7306BB2D9B473D000E5E61 /* Resources */,
			);
			buildRules = (
			);
			dependencies = (
			);
			fileSystemSynchronizedGroups = (
				0A7306BF2D9B473D000E5E61 /* AIChatbotApp */,
			);
			name = AIChatbotApp;
			packageProductDependencies = (
			);
			productName = AIChatbotApp;
			productReference = 0A7306BD2D9B473D000E5E61 /* AIChatbotApp.app */;
			productType = "com.apple.product-type.application";
		};
		0A7306CC2D9B473E000E5E61 /* AIChatbotAppTests */ = {
			isa = PBXNativeTarget;
			buildConfigurationList = 0A7306E42D9B473E000E5E61 /* Build configuration list for PBXNativeTarget "AIChatbotAppTests" */;
			buildPhases = (
				0A7306C92D9B473E000E5E61 /* Sources */,
				0A7306CA2D9B473E000E5E61 /* Frameworks */,
				0A7306CB2D9B473E000E5E61 /* Resources */,
			);
			buildRules = (
			);
			dependencies = (
				0A7306CF2D9B473E000E5E61 /* PBXTargetDependency */,
			);
			fileSystemSynchronizedGroups = (
				0A7306D02D9B473E000E5E61 /* AIChatbotAppTests */,
			);
			name = AIChatbotAppTests;
			packageProductDependencies = (
			);
			productName = AIChatbotAppTests;
			productReference = 0A7306CD2D9B473E000E5E61 /* AIChatbotAppTests.xctest */;
			productType = "com.apple.product-type.bundle.unit-test";
		};
		0A7306D62D9B473E000E5E61 /* AIChatbotAppUITests */ = {
			isa = PBXNativeTarget;
			buildConfigurationList = 0A7306E72D9B473E000E5E61 /* Build configuration list for PBXNativeTarget "AIChatbotAppUITests" */;
			buildPhases = (
				0A7306D32D9B473E000E5E61 /* Sources */,
				0A7306D42D9B473E000E5E61 /* Frameworks */,
				0A7306D52D9B473E000E5E61 /* Resources */,
			);
			buildRules = (
			);
			dependencies = (
				0A7306D92D9B473E000E5E61 /* PBXTargetDependency */,
			);
			fileSystemSynchronizedGroups = (
				0A7306DA2D9B473E000E5E61 /* AIChatbotAppUITests */,
			);
			name = AIChatbotAppUITests;
			packageProductDependencies = (
			);
			productName = AIChatbotAppUITests;
			productReference = 0A7306D72D9B473E000E5E61 /* AIChatbotAppUITests.xctest */;
			productType = "com.apple.product-type.bundle.ui-testing";
		};
/* End PBXNativeTarget section */

/* Begin PBXProject section */
		0A7306B52D9B473D000E5E61 /* Project object */ = {
			isa = PBXProject;
			attributes = {
				BuildIndependentTargetsInParallel = 1;
				LastSwiftUpdateCheck = 1620;
				LastUpgradeCheck = 1620;
				TargetAttributes = {
					0A7306BC2D9B473D000E5E61 = {
						CreatedOnToolsVersion = 16.2;
					};
					0A7306CC2D9B473E000E5E61 = {
						CreatedOnToolsVersion = 16.2;
						TestTargetID = 0A7306BC2D9B473D000E5E61;
					};
					0A7306D62D9B473E000E5E61 = {
						CreatedOnToolsVersion = 16.2;
						TestTargetID = 0A7306BC2D9B473D000E5E61;
					};
				};
			};
			buildConfigurationList = 0A7306B82D9B473D000E5E61 /* Build configuration list for PBXProject "AIChatbotApp" */;
			developmentRegion = en;
			hasScannedForEncodings = 0;
			knownRegions = (
				en,
				Base,
			);
			mainGroup = 0A7306B42D9B473D000E5E61;
			minimizedProjectReferenceProxies = 1;
			preferredProjectObjectVersion = 77;
			productRefGroup = 0A7306BE2D9B473D000E5E61 /* Products */;
			projectDirPath = "";
			projectRoot = "";
			targets = (
				0A7306BC2D9B473D000E5E61 /* AIChatbotApp */,
				0A7306CC2D9B473E000E5E61 /* AIChatbotAppTests */,
				0A7306D62D9B473E000E5E61 /* AIChatbotAppUITests */,
			);
		};
/* End PBXProject section */

/* Begin PBXResourcesBuildPhase section */
		0A7306BB2D9B473D000E5E61 /* Resources */ = {
			isa = PBXResourcesBuildPhase;
			buildActionMask = 2147483647;
			files = (
			);
			runOnlyForDeploymentPostprocessing = 0;
		};
		0A7306CB2D9B473E000E5E61 /* Resources */ = {
			isa = PBXResourcesBuildPhase;
			buildActionMask = 2147483647;
			files = (
			);
			runOnlyForDeploymentPostprocessing = 0;
		};
		0A7306D52D9B473E000E5E61 /* Resources */ = {
			isa = PBXResourcesBuildPhase;
			buildActionMask = 2147483647;
			files = (
			);
			runOnlyForDeploymentPostprocessing = 0;
		};
/* End PBXResourcesBuildPhase section */

/* Begin PBXSourcesBuildPhase section */
		0A7306B92D9B473D000E5E61 /* Sources */ = {
			isa = PBXSourcesBuildPhase;
			buildActionMask = 2147483647;
			files = (
			);
			runOnlyForDeploymentPostprocessing = 0;
		};
		0A7306C92D9B473E000E5E61 /* Sources */ = {
			isa = PBXSourcesBuildPhase;
			buildActionMask = 2147483647;
			files = (
			);
			runOnlyForDeploymentPostprocessing = 0;
		};
		0A7306D32D9B473E000E5E61 /* Sources */ = {
			isa = PBXSourcesBuildPhase;
			buildActionMask = 2147483647;
			files = (
			);
			runOnlyForDeploymentPostprocessing = 0;
		};
/* End PBXSourcesBuildPhase section */

/* Begin PBXTargetDependency section */
		0A7306CF2D9B473E000E5E61 /* PBXTargetDependency */ = {
			isa = PBXTargetDependency;
			target = 0A7306BC2D9B473D000E5E61 /* AIChatbotApp */;
			targetProxy = 0A7306CE2D9B473E000E5E61 /* PBXContainerItemProxy */;
		};
		0A7306D92D9B473E000E5E61 /* PBXTargetDependency */ = {
			isa = PBXTargetDependency;
			target = 0A7306BC2D9B473D000E5E61 /* AIChatbotApp */;
			targetProxy = 0A7306D82D9B473E000E5E61 /* PBXContainerItemProxy */;
		};
/* End PBXTargetDependency section */

/* Begin XCBuildConfiguration section */
		0A7306DF2D9B473E000E5E61 /* Debug */ = {
			isa = XCBuildConfiguration;
			buildSettings = {
				ALWAYS_SEARCH_USER_PATHS = NO;
				ASSETCATALOG_COMPILER_GENERATE_SWIFT_ASSET_SYMBOL_EXTENSIONS = YES;
				CLANG_ANALYZER_NONNULL = YES;
				CLANG_ANALYZER_NUMBER_OBJECT_CONVERSION = YES_AGGRESSIVE;
				CLANG_CXX_LANGUAGE_STANDARD = "gnu++20";
				CLANG_ENABLE_MODULES = YES;
				CLANG_ENABLE_OBJC_ARC = YES;
				CLANG_ENABLE_OBJC_WEAK = YES;
				CLANG_WARN_BLOCK_CAPTURE_AUTORELEASING = YES;
				CLANG_WARN_BOOL_CONVERSION = YES;
				CLANG_WARN_COMMA = YES;
				CLANG_WARN_CONSTANT_CONVERSION = YES;
				CLANG_WARN_DEPRECATED_OBJC_IMPLEMENTATIONS = YES;
				CLANG_WARN_DIRECT_OBJC_ISA_USAGE = YES_ERROR;
				CLANG_WARN_DOCUMENTATION_COMMENTS = YES;
				CLANG_WARN_EMPTY_BODY = YES;
				CLANG_WARN_ENUM_CONVERSION = YES;
				CLANG_WARN_INFINITE_RECURSION = YES;
				CLANG_WARN_INT_CONVERSION = YES;
				CLANG_WARN_NON_LITERAL_NULL_CONVERSION = YES;
				CLANG_WARN_OBJC_IMPLICIT_RETAIN_SELF = YES;
				CLANG_WARN_OBJC_LITERAL_CONVERSION = YES;
				CLANG_WARN_OBJC_ROOT_CLASS = YES_ERROR;
				CLANG_WARN_QUOTED_INCLUDE_IN_FRAMEWORK_HEADER = YES;
				CLANG_WARN_RANGE_LOOP_ANALYSIS = YES;
				CLANG_WARN_STRICT_PROTOTYPES = YES;
				CLANG_WARN_SUSPICIOUS_MOVE = YES;
				CLANG_WARN_UNGUARDED_AVAILABILITY = YES_AGGRESSIVE;
				CLANG_WARN_UNREACHABLE_CODE = YES;
				CLANG_WARN__DUPLICATE_METHOD_MATCH = YES;
				COPY_PHASE_STRIP = NO;
				DEBUG_INFORMATION_FORMAT = dwarf;
				ENABLE_STRICT_OBJC_MSGSEND = YES;
				ENABLE_TESTABILITY = YES;
				ENABLE_USER_SCRIPT_SANDBOXING = YES;
				GCC_C_LANGUAGE_STANDARD = gnu17;
				GCC_DYNAMIC_NO_PIC = NO;
				GCC_NO_COMMON_BLOCKS = YES;
				GCC_OPTIMIZATION_LEVEL = 0;
				GCC_PREPROCESSOR_DEFINITIONS = (
					"DEBUG=1",
					"$(inherited)",
				);
				GCC_WARN_64_TO_32_BIT_CONVERSION = YES;
				GCC_WARN_ABOUT_RETURN_TYPE = YES_ERROR;
				GCC_WARN_UNDECLARED_SELECTOR = YES;
				GCC_WARN_UNINITIALIZED_AUTOS = YES_AGGRESSIVE;
				GCC_WARN_UNUSED_FUNCTION = YES;
				GCC_WARN_UNUSED_VARIABLE = YES;
				IPHONEOS_DEPLOYMENT_TARGET = 18.2;
				LOCALIZATION_PREFERS_STRING_CATALOGS = YES;
				MTL_ENABLE_DEBUG_INFO = INCLUDE_SOURCE;
				MTL_FAST_MATH = YES;
				ONLY_ACTIVE_ARCH = YES;
				SDKROOT = iphoneos;
				SWIFT_ACTIVE_COMPILATION_CONDITIONS = "DEBUG $(inherited)";
				SWIFT_OPTIMIZATION_LEVEL = "-Onone";
			};
			name = Debug;
		};
		0A7306E02D9B473E000E5E61 /* Release */ = {
			isa = XCBuildConfiguration;
			buildSettings = {
				ALWAYS_SEARCH_USER_PATHS = NO;
				ASSETCATALOG_COMPILER_GENERATE_SWIFT_ASSET_SYMBOL_EXTENSIONS = YES;
				CLANG_ANALYZER_NONNULL = YES;
				CLANG_ANALYZER_NUMBER_OBJECT_CONVERSION = YES_AGGRESSIVE;
				CLANG_CXX_LANGUAGE_STANDARD = "gnu++20";
				CLANG_ENABLE_MODULES = YES;
				CLANG_ENABLE_OBJC_ARC = YES;
				CLANG_ENABLE_OBJC_WEAK = YES;
				CLANG_WARN_BLOCK_CAPTURE_AUTORELEASING = YES;
				CLANG_WARN_BOOL_CONVERSION = YES;
				CLANG_WARN_COMMA = YES;
				CLANG_WARN_CONSTANT_CONVERSION = YES;
				CLANG_WARN_DEPRECATED_OBJC_IMPLEMENTATIONS = YES;
				CLANG_WARN_DIRECT_OBJC_ISA_USAGE = YES_ERROR;
				CLANG_WARN_DOCUMENTATION_COMMENTS = YES;
				CLANG_WARN_EMPTY_BODY = YES;
				CLANG_WARN_ENUM_CONVERSION = YES;
				CLANG_WARN_INFINITE_RECURSION = YES;
				CLANG_WARN_INT_CONVERSION = YES;
				CLANG_WARN_NON_LITERAL_NULL_CONVERSION = YES;
				CLANG_WARN_OBJC_IMPLICIT_RETAIN_SELF = YES;
				CLANG_WARN_OBJC_LITERAL_CONVERSION = YES;
				CLANG_WARN_OBJC_ROOT_CLASS = YES_ERROR;
				CLANG_WARN_QUOTED_INCLUDE_IN_FRAMEWORK_HEADER = YES;
				CLANG_WARN_RANGE_LOOP_ANALYSIS = YES;
				CLANG_WARN_STRICT_PROTOTYPES = YES;
				CLANG_WARN_SUSPICIOUS_MOVE = YES;
				CLANG_WARN_UNGUARDED_AVAILABILITY = YES_AGGRESSIVE;
				CLANG_WARN_UNREACHABLE_CODE = YES;
				CLANG_WARN__DUPLICATE_METHOD_MATCH = YES;
				COPY_PHASE_STRIP = NO;
				DEBUG_INFORMATION_FORMAT = "dwarf-with-dsym";
				ENABLE_NS_ASSERTIONS = NO;
				ENABLE_STRICT_OBJC_MSGSEND = YES;
				ENABLE_USER_SCRIPT_SANDBOXING = YES;
				GCC_C_LANGUAGE_STANDARD = gnu17;
				GCC_NO_COMMON_BLOCKS = YES;
				GCC_WARN_64_TO_32_BIT_CONVERSION = YES;
				GCC_WARN_ABOUT_RETURN_TYPE = YES_ERROR;
				GCC_WARN_UNDECLARED_SELECTOR = YES;
				GCC_WARN_UNINITIALIZED_AUTOS = YES_AGGRESSIVE;
				GCC_WARN_UNUSED_FUNCTION = YES;
				GCC_WARN_UNUSED_VARIABLE = YES;
				IPHONEOS_DEPLOYMENT_TARGET = 18.2;
				LOCALIZATION_PREFERS_STRING_CATALOGS = YES;
				MTL_ENABLE_DEBUG_INFO = NO;
				MTL_FAST_MATH = YES;
				SDKROOT = iphoneos;
				SWIFT_COMPILATION_MODE = wholemodule;
				VALIDATE_PRODUCT = YES;
			};
			name = Release;
		};
		0A7306E22D9B473E000E5E61 /* Debug */ = {
			isa = XCBuildConfiguration;
			buildSettings = {
				ASSETCATALOG_COMPILER_APPICON_NAME = AppIcon;
				ASSETCATALOG_COMPILER_GLOBAL_ACCENT_COLOR_NAME = AccentColor;
				CODE_SIGN_STYLE = Automatic;
				CURRENT_PROJECT_VERSION = 1;
				DEVELOPMENT_ASSET_PATHS = "\"AIChatbotApp/Preview Content\"";
				DEVELOPMENT_TEAM = VS83XR9U7W;
				ENABLE_PREVIEWS = YES;
				GENERATE_INFOPLIST_FILE = YES;
				INFOPLIST_KEY_UIApplicationSceneManifest_Generation = YES;
				INFOPLIST_KEY_UIApplicationSupportsIndirectInputEvents = YES;
				INFOPLIST_KEY_UILaunchScreen_Generation = YES;
				INFOPLIST_KEY_UISupportedInterfaceOrientations_iPad = "UIInterfaceOrientationPortrait UIInterfaceOrientationPortraitUpsideDown UIInterfaceOrientationLandscapeLeft UIInterfaceOrientationLandscapeRight";
				INFOPLIST_KEY_UISupportedInterfaceOrientations_iPhone = "UIInterfaceOrientationPortrait UIInterfaceOrientationLandscapeLeft UIInterfaceOrientationLandscapeRight";
				LD_RUNPATH_SEARCH_PATHS = (
					"$(inherited)",
					"@executable_path/Frameworks",
				);
				MARKETING_VERSION = 1.0;
				PRODUCT_BUNDLE_IDENTIFIER = com.aykutatabay.AIChatbotApp;
				PRODUCT_NAME = "$(TARGET_NAME)";
				SWIFT_EMIT_LOC_STRINGS = YES;
				SWIFT_VERSION = 5.0;
				TARGETED_DEVICE_FAMILY = "1,2";
			};
			name = Debug;
		};
		0A7306E32D9B473E000E5E61 /* Release */ = {
			isa = XCBuildConfiguration;
			buildSettings = {
				ASSETCATALOG_COMPILER_APPICON_NAME = AppIcon;
				ASSETCATALOG_COMPILER_GLOBAL_ACCENT_COLOR_NAME = AccentColor;
				CODE_SIGN_STYLE = Automatic;
				CURRENT_PROJECT_VERSION = 1;
				DEVELOPMENT_ASSET_PATHS = "\"AIChatbotApp/Preview Content\"";
				DEVELOPMENT_TEAM = VS83XR9U7W;
				ENABLE_PREVIEWS = YES;
				GENERATE_INFOPLIST_FILE = YES;
				INFOPLIST_KEY_UIApplicationSceneManifest_Generation = YES;
				INFOPLIST_KEY_UIApplicationSupportsIndirectInputEvents = YES;
				INFOPLIST_KEY_UILaunchScreen_Generation = YES;
				INFOPLIST_KEY_UISupportedInterfaceOrientations_iPad = "UIInterfaceOrientationPortrait UIInterfaceOrientationPortraitUpsideDown UIInterfaceOrientationLandscapeLeft UIInterfaceOrientationLandscapeRight";
				INFOPLIST_KEY_UISupportedInterfaceOrientations_iPhone = "UIInterfaceOrientationPortrait UIInterfaceOrientationLandscapeLeft UIInterfaceOrientationLandscapeRight";
				LD_RUNPATH_SEARCH_PATHS = (
					"$(inherited)",
					"@executable_path/Frameworks",
				);
				MARKETING_VERSION = 1.0;
				PRODUCT_BUNDLE_IDENTIFIER = com.aykutatabay.AIChatbotApp;
				PRODUCT_NAME = "$(TARGET_NAME)";
				SWIFT_EMIT_LOC_STRINGS = YES;
				SWIFT_VERSION = 5.0;
				TARGETED_DEVICE_FAMILY = "1,2";
			};
			name = Release;
		};
		0A7306E52D9B473E000E5E61 /* Debug */ = {
			isa = XCBuildConfiguration;
			buildSettings = {
				BUNDLE_LOADER = "$(TEST_HOST)";
				CODE_SIGN_STYLE = Automatic;
				CURRENT_PROJECT_VERSION = 1;
				DEVELOPMENT_TEAM = VS83XR9U7W;
				GENERATE_INFOPLIST_FILE = YES;
				IPHONEOS_DEPLOYMENT_TARGET = 18.2;
				MARKETING_VERSION = 1.0;
				PRODUCT_BUNDLE_IDENTIFIER = com.aykutatabay.AIChatbotAppTests;
				PRODUCT_NAME = "$(TARGET_NAME)";
				SWIFT_EMIT_LOC_STRINGS = NO;
				SWIFT_VERSION = 5.0;
				TARGETED_DEVICE_FAMILY = "1,2";
				TEST_HOST = "$(BUILT_PRODUCTS_DIR)/AIChatbotApp.app/$(BUNDLE_EXECUTABLE_FOLDER_PATH)/AIChatbotApp";
			};
			name = Debug;
		};
		0A7306E62D9B473E000E5E61 /* Release */ = {
			isa = XCBuildConfiguration;
			buildSettings = {
				BUNDLE_LOADER = "$(TEST_HOST)";
				CODE_SIGN_STYLE = Automatic;
				CURRENT_PROJECT_VERSION = 1;
				DEVELOPMENT_TEAM = VS83XR9U7W;
				GENERATE_INFOPLIST_FILE = YES;
				IPHONEOS_DEPLOYMENT_TARGET = 18.2;
				MARKETING_VERSION = 1.0;
				PRODUCT_BUNDLE_IDENTIFIER = com.aykutatabay.AIChatbotAppTests;
				PRODUCT_NAME = "$(TARGET_NAME)";
				SWIFT_EMIT_LOC_STRINGS = NO;
				SWIFT_VERSION = 5.0;
				TARGETED_DEVICE_FAMILY = "1,2";
				TEST_HOST = "$(BUILT_PRODUCTS_DIR)/AIChatbotApp.app/$(BUNDLE_EXECUTABLE_FOLDER_PATH)/AIChatbotApp";
			};
			name = Release;
		};
		0A7306E82D9B473E000E5E61 /* Debug */ = {
			isa = XCBuildConfiguration;
			buildSettings = {
				CODE_SIGN_STYLE = Automatic;
				CURRENT_PROJECT_VERSION = 1;
				DEVELOPMENT_TEAM = VS83XR9U7W;
				GENERATE_INFOPLIST_FILE = YES;
				MARKETING_VERSION = 1.0;
				PRODUCT_BUNDLE_IDENTIFIER = com.aykutatabay.AIChatbotAppUITests;
				PRODUCT_NAME = "$(TARGET_NAME)";
				SWIFT_EMIT_LOC_STRINGS = NO;
				SWIFT_VERSION = 5.0;
				TARGETED_DEVICE_FAMILY = "1,2";
				TEST_TARGET_NAME = AIChatbotApp;
			};
			name = Debug;
		};
		0A7306E92D9B473E000E5E61 /* Release */ = {
			isa = XCBuildConfiguration;
			buildSettings = {
				CODE_SIGN_STYLE = Automatic;
				CURRENT_PROJECT_VERSION = 1;
				DEVELOPMENT_TEAM = VS83XR9U7W;
				GENERATE_INFOPLIST_FILE = YES;
				MARKETING_VERSION = 1.0;
				PRODUCT_BUNDLE_IDENTIFIER = com.aykutatabay.AIChatbotAppUITests;
				PRODUCT_NAME = "$(TARGET_NAME)";
				SWIFT_EMIT_LOC_STRINGS = NO;
				SWIFT_VERSION = 5.0;
				TARGETED_DEVICE_FAMILY = "1,2";
				TEST_TARGET_NAME = AIChatbotApp;
			};
			name = Release;
		};
/* End XCBuildConfiguration section */

/* Begin XCConfigurationList section */
		0A7306B82D9B473D000E5E61 /* Build configuration list for PBXProject "AIChatbotApp" */ = {
			isa = XCConfigurationList;
			buildConfigurations = (
				0A7306DF2D9B473E000E5E61 /* Debug */,
				0A7306E02D9B473E000E5E61 /* Release */,
			);
			defaultConfigurationIsVisible = 0;
			defaultConfigurationName = Release;
		};
		0A7306E12D9B473E000E5E61 /* Build configuration list for PBXNativeTarget "AIChatbotApp" */ = {
			isa = XCConfigurationList;
			buildConfigurations = (
				0A7306E22D9B473E000E5E61 /* Debug */,
				0A7306E32D9B473E000E5E61 /* Release */,
			);
			defaultConfigurationIsVisible = 0;
			defaultConfigurationName = Release;
		};
		0A7306E42D9B473E000E5E61 /* Build configuration list for PBXNativeTarget "AIChatbotAppTests" */ = {
			isa = XCConfigurationList;
			buildConfigurations = (
				0A7306E52D9B473E000E5E61 /* Debug */,
				0A7306E62D9B473E000E5E61 /* Release */,
			);
			defaultConfigurationIsVisible = 0;
			defaultConfigurationName = Release;
		};
		0A7306E72D9B473E000E5E61 /* Build configuration list for PBXNativeTarget "AIChatbotAppUITests" */ = {
			isa = XCConfigurationList;
			buildConfigurations = (
				0A7306E82D9B473E000E5E61 /* Debug */,
				0A7306E92D9B473E000E5E61 /* Release */,
			);
			defaultConfigurationIsVisible = 0;
			defaultConfigurationName = Release;
		};
/* End XCConfigurationList section */
	};
	rootObject = 0A7306B52D9B473D000E5E61 /* Project object */;
}
